
Microsoft Visual Studio Solution File, Format Version 12.00
# Visual Studio Version 17
VisualStudioVersion = 17.9.34728.123
MinimumVisualStudioVersion = 10.0.40219.1
Project("{8BC9CEB8-8B4A-11D0-8D11-00A0C91BC942}") = "Task4", "Task4.vcxproj", "{327E3E57-96D8-400B-A663-BED39924BB40}"
EndProject
Global
	GlobalSection(SolutionConfigurationPlatforms) = preSolution
		Debug|x64 = Debug|x64
		Debug|x86 = Debug|x86
		Release|x64 = Release|x64
		Release|x86 = Release|x86
	EndGlobalSection
	GlobalSection(ProjectConfigurationPlatforms) = postSolution
		{327E3E57-96D8-400B-A663-BED39924BB40}.Debug|x64.ActiveCfg = Debug|x64
		{327E3E57-96D8-400B-A663-BED39924BB40}.Debug|x64.Build.0 = Debug|x64
		{327E3E57-96D8-400B-A663-BED39924BB40}.Debug|x86.ActiveCfg = Debug|Win32
		{327E3E57-96D8-400B-A663-BED39924BB40}.Debug|x86.Build.0 = Debug|Win32
		{327E3E57-96D8-400B-A663-BED39924BB40}.Release|x64.ActiveCfg = Release|x64
		{327E3E57-96D8-400B-A663-BED39924BB40}.Release|x64.Build.0 = Release|x64
		{327E3E57-96D8-400B-A663-BED39924BB40}.Release|x86.ActiveCfg = Release|Win32
		{327E3E57-96D8-400B-A663-BED39924BB40}.Release|x86.Build.0 = Release|Win32
	EndGlobalSection
	GlobalSection(SolutionProperties) = preSolution
		HideSolutionNode = FALSE
	EndGlobalSection
	GlobalSection(ExtensibilityGlobals) = postSolution
		SolutionGuid = {8F815636-D2FA-42CA-B6DA-AF4EAB712A1D}
	EndGlobalSection
EndGlobal
